{
  "version": 1,
  "tethers": {
    "release-version": {
      "baseline": "1.0.0-rc.7",
      "sites": {
        "packages/angular/package.json#/version": {
          "value": "1.0.0-rc.7",
          "fp": "sha256:14274e3152e2e8ccf2cc4eed051eace97f51c83ba018d5d5c44f61fa78e2b9ce"
        },
        "packages/aws-sigv4/package.json#/version": {
          "value": "1.0.0-rc.7",
          "fp": "sha256:14274e3152e2e8ccf2cc4eed051eace97f51c83ba018d5d5c44f61fa78e2b9ce"
        },
        "packages/cloudflare-kv/package.json#/version": {
          "value": "1.0.0-rc.7",
          "fp": "sha256:14274e3152e2e8ccf2cc4eed051eace97f51c83ba018d5d5c44f61fa78e2b9ce"
        },
        "packages/core/package.json#/version": {
          "value": "1.0.0-rc.7",
          "fp": "sha256:14274e3152e2e8ccf2cc4eed051eace97f51c83ba018d5d5c44f61fa78e2b9ce"
        },
        "packages/deno-kv/package.json#/version": {
          "value": "1.0.0-rc.7",
          "fp": "sha256:14274e3152e2e8ccf2cc4eed051eace97f51c83ba018d5d5c44f61fa78e2b9ce"
        },
        "packages/docs-mcp/package.json#/version": {
          "value": "1.0.0-rc.7",
          "fp": "sha256:14274e3152e2e8ccf2cc4eed051eace97f51c83ba018d5d5c44f61fa78e2b9ce"
        },
        "packages/elysia/package.json#/version": {
          "value": "1.0.0-rc.7",
          "fp": "sha256:14274e3152e2e8ccf2cc4eed051eace97f51c83ba018d5d5c44f61fa78e2b9ce"
        },
        "packages/expo/package.json#/version": {
          "value": "1.0.0-rc.7",
          "fp": "sha256:14274e3152e2e8ccf2cc4eed051eace97f51c83ba018d5d5c44f61fa78e2b9ce"
        },
        "packages/express/package.json#/version": {
          "value": "1.0.0-rc.7",
          "fp": "sha256:14274e3152e2e8ccf2cc4eed051eace97f51c83ba018d5d5c44f61fa78e2b9ce"
        },
        "packages/fastify/package.json#/version": {
          "value": "1.0.0-rc.7",
          "fp": "sha256:14274e3152e2e8ccf2cc4eed051eace97f51c83ba018d5d5c44f61fa78e2b9ce"
        },
        "packages/fingerprint-arktype/package.json#/version": {
          "value": "1.0.0-rc.7",
          "fp": "sha256:14274e3152e2e8ccf2cc4eed051eace97f51c83ba018d5d5c44f61fa78e2b9ce"
        },
        "packages/fingerprint-effect/package.json#/version": {
          "value": "1.0.0-rc.7",
          "fp": "sha256:14274e3152e2e8ccf2cc4eed051eace97f51c83ba018d5d5c44f61fa78e2b9ce"
        },
        "packages/fingerprint-typebox/package.json#/version": {
          "value": "1.0.0-rc.7",
          "fp": "sha256:14274e3152e2e8ccf2cc4eed051eace97f51c83ba018d5d5c44f61fa78e2b9ce"
        },
        "packages/fingerprint-valibot/package.json#/version": {
          "value": "1.0.0-rc.7",
          "fp": "sha256:14274e3152e2e8ccf2cc4eed051eace97f51c83ba018d5d5c44f61fa78e2b9ce"
        },
        "packages/fingerprint-zod/package.json#/version": {
          "value": "1.0.0-rc.7",
          "fp": "sha256:14274e3152e2e8ccf2cc4eed051eace97f51c83ba018d5d5c44f61fa78e2b9ce"
        },
        "packages/hono/package.json#/version": {
          "value": "1.0.0-rc.7",
          "fp": "sha256:14274e3152e2e8ccf2cc4eed051eace97f51c83ba018d5d5c44f61fa78e2b9ce"
        },
        "packages/json-schema/package.json#/version": {
          "value": "1.0.0-rc.7",
          "fp": "sha256:14274e3152e2e8ccf2cc4eed051eace97f51c83ba018d5d5c44f61fa78e2b9ce"
        },
        "packages/nest/package.json#/version": {
          "value": "1.0.0-rc.7",
          "fp": "sha256:14274e3152e2e8ccf2cc4eed051eace97f51c83ba018d5d5c44f61fa78e2b9ce"
        },
        "packages/next/package.json#/version": {
          "value": "1.0.0-rc.7",
          "fp": "sha256:14274e3152e2e8ccf2cc4eed051eace97f51c83ba018d5d5c44f61fa78e2b9ce"
        },
        "packages/openapi/package.json#/version": {
          "value": "1.0.0-rc.7",
          "fp": "sha256:14274e3152e2e8ccf2cc4eed051eace97f51c83ba018d5d5c44f61fa78e2b9ce"
        },
        "packages/pino/package.json#/version": {
          "value": "1.0.0-rc.7",
          "fp": "sha256:14274e3152e2e8ccf2cc4eed051eace97f51c83ba018d5d5c44f61fa78e2b9ce"
        },
        "packages/query-core/package.json#/version": {
          "value": "1.0.0-rc.7",
          "fp": "sha256:14274e3152e2e8ccf2cc4eed051eace97f51c83ba018d5d5c44f61fa78e2b9ce"
        },
        "packages/react-native/package.json#/version": {
          "value": "1.0.0-rc.7",
          "fp": "sha256:14274e3152e2e8ccf2cc4eed051eace97f51c83ba018d5d5c44f61fa78e2b9ce"
        },
        "packages/react/package.json#/version": {
          "value": "1.0.0-rc.7",
          "fp": "sha256:14274e3152e2e8ccf2cc4eed051eace97f51c83ba018d5d5c44f61fa78e2b9ce"
        },
        "packages/redis/package.json#/version": {
          "value": "1.0.0-rc.7",
          "fp": "sha256:14274e3152e2e8ccf2cc4eed051eace97f51c83ba018d5d5c44f61fa78e2b9ce"
        },
        "packages/rtk-query/package.json#/version": {
          "value": "1.0.0-rc.7",
          "fp": "sha256:14274e3152e2e8ccf2cc4eed051eace97f51c83ba018d5d5c44f61fa78e2b9ce"
        },
        "packages/sentry/package.json#/version": {
          "value": "1.0.0-rc.7",
          "fp": "sha256:14274e3152e2e8ccf2cc4eed051eace97f51c83ba018d5d5c44f61fa78e2b9ce"
        },
        "packages/shell/package.json#/version": {
          "value": "1.0.0-rc.7",
          "fp": "sha256:14274e3152e2e8ccf2cc4eed051eace97f51c83ba018d5d5c44f61fa78e2b9ce"
        },
        "packages/solid/package.json#/version": {
          "value": "1.0.0-rc.7",
          "fp": "sha256:14274e3152e2e8ccf2cc4eed051eace97f51c83ba018d5d5c44f61fa78e2b9ce"
        },
        "packages/svelte/package.json#/version": {
          "value": "1.0.0-rc.7",
          "fp": "sha256:14274e3152e2e8ccf2cc4eed051eace97f51c83ba018d5d5c44f61fa78e2b9ce"
        },
        "packages/swr/package.json#/version": {
          "value": "1.0.0-rc.7",
          "fp": "sha256:14274e3152e2e8ccf2cc4eed051eace97f51c83ba018d5d5c44f61fa78e2b9ce"
        },
        "packages/vercel-ai/package.json#/version": {
          "value": "1.0.0-rc.7",
          "fp": "sha256:14274e3152e2e8ccf2cc4eed051eace97f51c83ba018d5d5c44f61fa78e2b9ce"
        },
        "packages/vue/package.json#/version": {
          "value": "1.0.0-rc.7",
          "fp": "sha256:14274e3152e2e8ccf2cc4eed051eace97f51c83ba018d5d5c44f61fa78e2b9ce"
        },
        "README.md#pattern:StitchAPI is at `([^`]+)`": {
          "value": "1.0.0-rc.7",
          "fp": "sha256:14274e3152e2e8ccf2cc4eed051eace97f51c83ba018d5d5c44f61fa78e2b9ce"
        },
        "packages/core/README.md#pattern:StitchAPI is at `([^`]+)`": {
          "value": "1.0.0-rc.7",
          "fp": "sha256:14274e3152e2e8ccf2cc4eed051eace97f51c83ba018d5d5c44f61fa78e2b9ce"
        }
      },
      "accepted": null
    },
    "bundle-advertised-size": {
      "baseline": "20, 23",
      "sites": {
        "command:node packages/core/scripts/bundle-size.mjs --json#regex:\"kb\"\\s*:\\s*(\\d+):all": {
          "value": "20, 23",
          "fp": "sha256:8a88fece6c42b6e6fda0394d485eca3430e2bf492c972ea3dbdd8e6c92b01472"
        },
        "README.md#pattern:~(?:\\s|&nbsp;|%20)*(\\d+)(?:\\s|&nbsp;|%20)*kB:all": {
          "value": "20, 23",
          "fp": "sha256:8a88fece6c42b6e6fda0394d485eca3430e2bf492c972ea3dbdd8e6c92b01472"
        },
        "packages/core/README.md#pattern:~(?:\\s|&nbsp;|%20)*(\\d+)(?:\\s|&nbsp;|%20)*kB:all": {
          "value": "20, 23",
          "fp": "sha256:8a88fece6c42b6e6fda0394d485eca3430e2bf492c972ea3dbdd8e6c92b01472"
        },
        "apps/docs/content/docs/getting-started/installation.mdx#pattern:~(?:\\s|&nbsp;|%20)*(\\d+)(?:\\s|&nbsp;|%20)*kB:all": {
          "value": "20, 23",
          "fp": "sha256:8a88fece6c42b6e6fda0394d485eca3430e2bf492c972ea3dbdd8e6c92b01472"
        },
        "apps/docs/content/docs/concepts/principles.mdx#pattern:~(?:\\s|&nbsp;|%20)*(\\d+)(?:\\s|&nbsp;|%20)*kB:all": {
          "value": "20, 23",
          "fp": "sha256:8a88fece6c42b6e6fda0394d485eca3430e2bf492c972ea3dbdd8e6c92b01472"
        },
        "apps/docs/app/(home)/components/metrics.tsx#pattern:~(?:\\s|&nbsp;|%20)*(\\d+)(?:\\s|&nbsp;|%20)*kB:all": {
          "value": "20, 23",
          "fp": "sha256:8a88fece6c42b6e6fda0394d485eca3430e2bf492c972ea3dbdd8e6c92b01472"
        },
        "apps/docs/lib/source.ts#pattern:~(?:\\s|&nbsp;|%20)*(\\d+)(?:\\s|&nbsp;|%20)*kB:all": {
          "value": "20, 23",
          "fp": "sha256:8a88fece6c42b6e6fda0394d485eca3430e2bf492c972ea3dbdd8e6c92b01472"
        }
      },
      "accepted": null
    },
    "node-engines": {
      "baseline": ">=18.18.0",
      "sites": {
        "packages/angular/package.json#/engines/node": {
          "value": ">=18.18.0",
          "fp": "sha256:d7a6a6d9740b1226c9ca82605970e84d0eef792527e3b1d68073aa4935588b59"
        },
        "packages/aws-sigv4/package.json#/engines/node": {
          "value": ">=18.18.0",
          "fp": "sha256:d7a6a6d9740b1226c9ca82605970e84d0eef792527e3b1d68073aa4935588b59"
        },
        "packages/cloudflare-kv/package.json#/engines/node": {
          "value": ">=18.18.0",
          "fp": "sha256:d7a6a6d9740b1226c9ca82605970e84d0eef792527e3b1d68073aa4935588b59"
        },
        "packages/core/package.json#/engines/node": {
          "value": ">=18.18.0",
          "fp": "sha256:d7a6a6d9740b1226c9ca82605970e84d0eef792527e3b1d68073aa4935588b59"
        },
        "packages/deno-kv/package.json#/engines/node": {
          "value": ">=18.18.0",
          "fp": "sha256:d7a6a6d9740b1226c9ca82605970e84d0eef792527e3b1d68073aa4935588b59"
        },
        "packages/docs-mcp/package.json#/engines/node": {
          "value": ">=18.18.0",
          "fp": "sha256:d7a6a6d9740b1226c9ca82605970e84d0eef792527e3b1d68073aa4935588b59"
        },
        "packages/elysia/package.json#/engines/node": {
          "value": ">=18.18.0",
          "fp": "sha256:d7a6a6d9740b1226c9ca82605970e84d0eef792527e3b1d68073aa4935588b59"
        },
        "packages/expo/package.json#/engines/node": {
          "value": ">=18.18.0",
          "fp": "sha256:d7a6a6d9740b1226c9ca82605970e84d0eef792527e3b1d68073aa4935588b59"
        },
        "packages/express/package.json#/engines/node": {
          "value": ">=18.18.0",
          "fp": "sha256:d7a6a6d9740b1226c9ca82605970e84d0eef792527e3b1d68073aa4935588b59"
        },
        "packages/fastify/package.json#/engines/node": {
          "value": ">=18.18.0",
          "fp": "sha256:d7a6a6d9740b1226c9ca82605970e84d0eef792527e3b1d68073aa4935588b59"
        },
        "packages/fingerprint-arktype/package.json#/engines/node": {
          "value": ">=18.18.0",
          "fp": "sha256:d7a6a6d9740b1226c9ca82605970e84d0eef792527e3b1d68073aa4935588b59"
        },
        "packages/fingerprint-effect/package.json#/engines/node": {
          "value": ">=18.18.0",
          "fp": "sha256:d7a6a6d9740b1226c9ca82605970e84d0eef792527e3b1d68073aa4935588b59"
        },
        "packages/fingerprint-typebox/package.json#/engines/node": {
          "value": ">=18.18.0",
          "fp": "sha256:d7a6a6d9740b1226c9ca82605970e84d0eef792527e3b1d68073aa4935588b59"
        },
        "packages/fingerprint-valibot/package.json#/engines/node": {
          "value": ">=18.18.0",
          "fp": "sha256:d7a6a6d9740b1226c9ca82605970e84d0eef792527e3b1d68073aa4935588b59"
        },
        "packages/fingerprint-zod/package.json#/engines/node": {
          "value": ">=18.18.0",
          "fp": "sha256:d7a6a6d9740b1226c9ca82605970e84d0eef792527e3b1d68073aa4935588b59"
        },
        "packages/hono/package.json#/engines/node": {
          "value": ">=18.18.0",
          "fp": "sha256:d7a6a6d9740b1226c9ca82605970e84d0eef792527e3b1d68073aa4935588b59"
        },
        "packages/json-schema/package.json#/engines/node": {
          "value": ">=18.18.0",
          "fp": "sha256:d7a6a6d9740b1226c9ca82605970e84d0eef792527e3b1d68073aa4935588b59"
        },
        "packages/nest/package.json#/engines/node": {
          "value": ">=18.18.0",
          "fp": "sha256:d7a6a6d9740b1226c9ca82605970e84d0eef792527e3b1d68073aa4935588b59"
        },
        "packages/next/package.json#/engines/node": {
          "value": ">=18.18.0",
          "fp": "sha256:d7a6a6d9740b1226c9ca82605970e84d0eef792527e3b1d68073aa4935588b59"
        },
        "packages/openapi/package.json#/engines/node": {
          "value": ">=18.18.0",
          "fp": "sha256:d7a6a6d9740b1226c9ca82605970e84d0eef792527e3b1d68073aa4935588b59"
        },
        "packages/pino/package.json#/engines/node": {
          "value": ">=18.18.0",
          "fp": "sha256:d7a6a6d9740b1226c9ca82605970e84d0eef792527e3b1d68073aa4935588b59"
        },
        "packages/query-core/package.json#/engines/node": {
          "value": ">=18.18.0",
          "fp": "sha256:d7a6a6d9740b1226c9ca82605970e84d0eef792527e3b1d68073aa4935588b59"
        },
        "packages/react-native/package.json#/engines/node": {
          "value": ">=18.18.0",
          "fp": "sha256:d7a6a6d9740b1226c9ca82605970e84d0eef792527e3b1d68073aa4935588b59"
        },
        "packages/react/package.json#/engines/node": {
          "value": ">=18.18.0",
          "fp": "sha256:d7a6a6d9740b1226c9ca82605970e84d0eef792527e3b1d68073aa4935588b59"
        },
        "packages/redis/package.json#/engines/node": {
          "value": ">=18.18.0",
          "fp": "sha256:d7a6a6d9740b1226c9ca82605970e84d0eef792527e3b1d68073aa4935588b59"
        },
        "packages/rtk-query/package.json#/engines/node": {
          "value": ">=18.18.0",
          "fp": "sha256:d7a6a6d9740b1226c9ca82605970e84d0eef792527e3b1d68073aa4935588b59"
        },
        "packages/sentry/package.json#/engines/node": {
          "value": ">=18.18.0",
          "fp": "sha256:d7a6a6d9740b1226c9ca82605970e84d0eef792527e3b1d68073aa4935588b59"
        },
        "packages/shell/package.json#/engines/node": {
          "value": ">=18.18.0",
          "fp": "sha256:d7a6a6d9740b1226c9ca82605970e84d0eef792527e3b1d68073aa4935588b59"
        },
        "packages/solid/package.json#/engines/node": {
          "value": ">=18.18.0",
          "fp": "sha256:d7a6a6d9740b1226c9ca82605970e84d0eef792527e3b1d68073aa4935588b59"
        },
        "packages/svelte/package.json#/engines/node": {
          "value": ">=18.18.0",
          "fp": "sha256:d7a6a6d9740b1226c9ca82605970e84d0eef792527e3b1d68073aa4935588b59"
        },
        "packages/swr/package.json#/engines/node": {
          "value": ">=18.18.0",
          "fp": "sha256:d7a6a6d9740b1226c9ca82605970e84d0eef792527e3b1d68073aa4935588b59"
        },
        "packages/vercel-ai/package.json#/engines/node": {
          "value": ">=18.18.0",
          "fp": "sha256:d7a6a6d9740b1226c9ca82605970e84d0eef792527e3b1d68073aa4935588b59"
        },
        "packages/vue/package.json#/engines/node": {
          "value": ">=18.18.0",
          "fp": "sha256:d7a6a6d9740b1226c9ca82605970e84d0eef792527e3b1d68073aa4935588b59"
        }
      },
      "accepted": null
    },
    "package-license": {
      "baseline": "Apache-2.0",
      "sites": {
        "packages/angular/package.json#/license": {
          "value": "Apache-2.0",
          "fp": "sha256:2af71558e438db0b73a20beab92dc278a94e1bbe974c00c1a33e3ab62d53a608"
        },
        "packages/aws-sigv4/package.json#/license": {
          "value": "Apache-2.0",
          "fp": "sha256:2af71558e438db0b73a20beab92dc278a94e1bbe974c00c1a33e3ab62d53a608"
        },
        "packages/cloudflare-kv/package.json#/license": {
          "value": "Apache-2.0",
          "fp": "sha256:2af71558e438db0b73a20beab92dc278a94e1bbe974c00c1a33e3ab62d53a608"
        },
        "packages/core/package.json#/license": {
          "value": "Apache-2.0",
          "fp": "sha256:2af71558e438db0b73a20beab92dc278a94e1bbe974c00c1a33e3ab62d53a608"
        },
        "packages/deno-kv/package.json#/license": {
          "value": "Apache-2.0",
          "fp": "sha256:2af71558e438db0b73a20beab92dc278a94e1bbe974c00c1a33e3ab62d53a608"
        },
        "packages/docs-mcp/package.json#/license": {
          "value": "Apache-2.0",
          "fp": "sha256:2af71558e438db0b73a20beab92dc278a94e1bbe974c00c1a33e3ab62d53a608"
        },
        "packages/elysia/package.json#/license": {
          "value": "Apache-2.0",
          "fp": "sha256:2af71558e438db0b73a20beab92dc278a94e1bbe974c00c1a33e3ab62d53a608"
        },
        "packages/expo/package.json#/license": {
          "value": "Apache-2.0",
          "fp": "sha256:2af71558e438db0b73a20beab92dc278a94e1bbe974c00c1a33e3ab62d53a608"
        },
        "packages/express/package.json#/license": {
          "value": "Apache-2.0",
          "fp": "sha256:2af71558e438db0b73a20beab92dc278a94e1bbe974c00c1a33e3ab62d53a608"
        },
        "packages/fastify/package.json#/license": {
          "value": "Apache-2.0",
          "fp": "sha256:2af71558e438db0b73a20beab92dc278a94e1bbe974c00c1a33e3ab62d53a608"
        },
        "packages/fingerprint-arktype/package.json#/license": {
          "value": "Apache-2.0",
          "fp": "sha256:2af71558e438db0b73a20beab92dc278a94e1bbe974c00c1a33e3ab62d53a608"
        },
        "packages/fingerprint-effect/package.json#/license": {
          "value": "Apache-2.0",
          "fp": "sha256:2af71558e438db0b73a20beab92dc278a94e1bbe974c00c1a33e3ab62d53a608"
        },
        "packages/fingerprint-typebox/package.json#/license": {
          "value": "Apache-2.0",
          "fp": "sha256:2af71558e438db0b73a20beab92dc278a94e1bbe974c00c1a33e3ab62d53a608"
        },
        "packages/fingerprint-valibot/package.json#/license": {
          "value": "Apache-2.0",
          "fp": "sha256:2af71558e438db0b73a20beab92dc278a94e1bbe974c00c1a33e3ab62d53a608"
        },
        "packages/fingerprint-zod/package.json#/license": {
          "value": "Apache-2.0",
          "fp": "sha256:2af71558e438db0b73a20beab92dc278a94e1bbe974c00c1a33e3ab62d53a608"
        },
        "packages/hono/package.json#/license": {
          "value": "Apache-2.0",
          "fp": "sha256:2af71558e438db0b73a20beab92dc278a94e1bbe974c00c1a33e3ab62d53a608"
        },
        "packages/json-schema/package.json#/license": {
          "value": "Apache-2.0",
          "fp": "sha256:2af71558e438db0b73a20beab92dc278a94e1bbe974c00c1a33e3ab62d53a608"
        },
        "packages/nest/package.json#/license": {
          "value": "Apache-2.0",
          "fp": "sha256:2af71558e438db0b73a20beab92dc278a94e1bbe974c00c1a33e3ab62d53a608"
        },
        "packages/next/package.json#/license": {
          "value": "Apache-2.0",
          "fp": "sha256:2af71558e438db0b73a20beab92dc278a94e1bbe974c00c1a33e3ab62d53a608"
        },
        "packages/openapi/package.json#/license": {
          "value": "Apache-2.0",
          "fp": "sha256:2af71558e438db0b73a20beab92dc278a94e1bbe974c00c1a33e3ab62d53a608"
        },
        "packages/pino/package.json#/license": {
          "value": "Apache-2.0",
          "fp": "sha256:2af71558e438db0b73a20beab92dc278a94e1bbe974c00c1a33e3ab62d53a608"
        },
        "packages/query-core/package.json#/license": {
          "value": "Apache-2.0",
          "fp": "sha256:2af71558e438db0b73a20beab92dc278a94e1bbe974c00c1a33e3ab62d53a608"
        },
        "packages/react-native/package.json#/license": {
          "value": "Apache-2.0",
          "fp": "sha256:2af71558e438db0b73a20beab92dc278a94e1bbe974c00c1a33e3ab62d53a608"
        },
        "packages/react/package.json#/license": {
          "value": "Apache-2.0",
          "fp": "sha256:2af71558e438db0b73a20beab92dc278a94e1bbe974c00c1a33e3ab62d53a608"
        },
        "packages/redis/package.json#/license": {
          "value": "Apache-2.0",
          "fp": "sha256:2af71558e438db0b73a20beab92dc278a94e1bbe974c00c1a33e3ab62d53a608"
        },
        "packages/rtk-query/package.json#/license": {
          "value": "Apache-2.0",
          "fp": "sha256:2af71558e438db0b73a20beab92dc278a94e1bbe974c00c1a33e3ab62d53a608"
        },
        "packages/sentry/package.json#/license": {
          "value": "Apache-2.0",
          "fp": "sha256:2af71558e438db0b73a20beab92dc278a94e1bbe974c00c1a33e3ab62d53a608"
        },
        "packages/shell/package.json#/license": {
          "value": "Apache-2.0",
          "fp": "sha256:2af71558e438db0b73a20beab92dc278a94e1bbe974c00c1a33e3ab62d53a608"
        },
        "packages/solid/package.json#/license": {
          "value": "Apache-2.0",
          "fp": "sha256:2af71558e438db0b73a20beab92dc278a94e1bbe974c00c1a33e3ab62d53a608"
        },
        "packages/svelte/package.json#/license": {
          "value": "Apache-2.0",
          "fp": "sha256:2af71558e438db0b73a20beab92dc278a94e1bbe974c00c1a33e3ab62d53a608"
        },
        "packages/swr/package.json#/license": {
          "value": "Apache-2.0",
          "fp": "sha256:2af71558e438db0b73a20beab92dc278a94e1bbe974c00c1a33e3ab62d53a608"
        },
        "packages/vercel-ai/package.json#/license": {
          "value": "Apache-2.0",
          "fp": "sha256:2af71558e438db0b73a20beab92dc278a94e1bbe974c00c1a33e3ab62d53a608"
        },
        "packages/vue/package.json#/license": {
          "value": "Apache-2.0",
          "fp": "sha256:2af71558e438db0b73a20beab92dc278a94e1bbe974c00c1a33e3ab62d53a608"
        }
      },
      "accepted": null
    },
    "playground-completions": {
      "baseline": "sha256:df00eb567515e1b9ef69b3fffaae9d5a4087181d57b00d8f69db68dc7505e773",
      "sites": {
        "command:node apps/docs/scripts/gen-stitch-completions.mjs --emit#whole": {
          "value": "sha256:df00eb567515e1b9ef69b3fffaae9d5a4087181d57b00d8f69db68dc7505e773",
          "fp": "sha256:3db0a67dee4426a0e25b0d937c5ee4f7057b565a059ad7f5e035887fb9ba0d20"
        },
        "apps/docs/app/(home)/playground/playground-completions.generated.ts#file": {
          "value": "sha256:df00eb567515e1b9ef69b3fffaae9d5a4087181d57b00d8f69db68dc7505e773",
          "fp": "sha256:3db0a67dee4426a0e25b0d937c5ee4f7057b565a059ad7f5e035887fb9ba0d20"
        }
      },
      "accepted": null
    },
    "readme-badges": {
      "baseline": "sha256:34fd319e5ecc768c7280da12dd609bea4b81804aa5602d38759e6901d9b93d0f",
      "sites": {
        "command:node scripts/gen-readme-metrics.mjs --emit readme-badges#whole": {
          "value": "sha256:34fd319e5ecc768c7280da12dd609bea4b81804aa5602d38759e6901d9b93d0f",
          "fp": "sha256:dc9d97a55f5eb1a3e140de27664fd39fd9fad14fa091ba5ec4bedd25c1be9a1e"
        },
        "README.md#region:readme-badges:whole": {
          "value": "sha256:34fd319e5ecc768c7280da12dd609bea4b81804aa5602d38759e6901d9b93d0f",
          "fp": "sha256:dc9d97a55f5eb1a3e140de27664fd39fd9fad14fa091ba5ec4bedd25c1be9a1e"
        }
      },
      "accepted": null
    },
    "readme-packages": {
      "baseline": "sha256:5b68926a6225ac402b4e8e755f8451ea2aa4d2ddffea43977c8a9b256bf81067",
      "sites": {
        "command:node scripts/gen-readme-metrics.mjs --emit readme-packages#whole": {
          "value": "sha256:5b68926a6225ac402b4e8e755f8451ea2aa4d2ddffea43977c8a9b256bf81067",
          "fp": "sha256:478cbf205260a0bea210202c81a89bd4e453e7fd870dab5010aefb586d2a6d7f"
        },
        "README.md#region:readme-packages:whole": {
          "value": "sha256:5b68926a6225ac402b4e8e755f8451ea2aa4d2ddffea43977c8a9b256bf81067",
          "fp": "sha256:478cbf205260a0bea210202c81a89bd4e453e7fd870dab5010aefb586d2a6d7f"
        }
      },
      "accepted": null
    },
    "core-integrations": {
      "baseline": "sha256:c9bfe72200f75748fa0bcf3487a1950d90a11d7e319fe5947356b801a99806df",
      "sites": {
        "command:node scripts/gen-readme-metrics.mjs --emit core-integrations#whole": {
          "value": "sha256:c9bfe72200f75748fa0bcf3487a1950d90a11d7e319fe5947356b801a99806df",
          "fp": "sha256:d4d5c4acf6d73a4c78634abfde5193a2abd83e225932aa2d2628156000d017ef"
        },
        "packages/core/README.md#region:core-integrations:whole": {
          "value": "sha256:c9bfe72200f75748fa0bcf3487a1950d90a11d7e319fe5947356b801a99806df",
          "fp": "sha256:d4d5c4acf6d73a4c78634abfde5193a2abd83e225932aa2d2628156000d017ef"
        }
      },
      "accepted": null
    },
    "docs-mcp-config-parity": {
      "baseline": "sha256:3f0840ded365ee27aef512f95548971c5c8df1035b7bee6f90d2a69dc7a7d6ad",
      "sites": {
        "command:node --import tsx/esm scripts/probe-docs-mcp-parity.mjs apps-docs#whole": {
          "value": "sha256:3f0840ded365ee27aef512f95548971c5c8df1035b7bee6f90d2a69dc7a7d6ad",
          "fp": "sha256:6f14a1cc8a445237732f7ee4392305501efb4c1b6cc89e335c88c0e10d5c1023"
        },
        "command:node --import tsx/esm scripts/probe-docs-mcp-parity.mjs docs-mcp#whole": {
          "value": "sha256:3f0840ded365ee27aef512f95548971c5c8df1035b7bee6f90d2a69dc7a7d6ad",
          "fp": "sha256:6f14a1cc8a445237732f7ee4392305501efb4c1b6cc89e335c88c0e10d5c1023"
        }
      },
      "accepted": {}
    }
  }
}
