{
  "version": 1,
  "tethers": {
    "release-version": {
      "baseline": "1.0.0-rc.4",
      "sites": {
        "packages/core/package.json#/version": {
          "value": "1.0.0-rc.4",
          "fp": "sha256:16b76150c382d07b129220bfdf61df45bf049b21aba1096bfe0dd78fa5b47a7d"
        },
        "README.md#pattern:StitchAPI is at `([^`]+)`": {
          "value": "1.0.0-rc.4",
          "fp": "sha256:16b76150c382d07b129220bfdf61df45bf049b21aba1096bfe0dd78fa5b47a7d"
        },
        "packages/core/README.md#pattern:StitchAPI is at `([^`]+)`": {
          "value": "1.0.0-rc.4",
          "fp": "sha256:16b76150c382d07b129220bfdf61df45bf049b21aba1096bfe0dd78fa5b47a7d"
        }
      },
      "accepted": null
    },
    "bundle-advertised-size": {
      "baseline": "19, 24",
      "sites": {
        "command:node packages/core/scripts/bundle-size.mjs --json#regex:\"kb\"\\s*:\\s*(\\d+):all": {
          "value": "19, 24",
          "fp": "sha256:94eb0530a98af45bfd198e4fda97eecd20de9db344236ba391f59943ddf05a33"
        },
        "README.md#pattern:~(?:\\s|&nbsp;|%20)*(\\d+)(?:\\s|&nbsp;|%20)*kB:all": {
          "value": "19, 24",
          "fp": "sha256:94eb0530a98af45bfd198e4fda97eecd20de9db344236ba391f59943ddf05a33"
        },
        "packages/core/README.md#pattern:~(?:\\s|&nbsp;|%20)*(\\d+)(?:\\s|&nbsp;|%20)*kB:all": {
          "value": "19, 24",
          "fp": "sha256:94eb0530a98af45bfd198e4fda97eecd20de9db344236ba391f59943ddf05a33"
        },
        "apps/docs/content/docs/getting-started/installation.mdx#pattern:~(?:\\s|&nbsp;|%20)*(\\d+)(?:\\s|&nbsp;|%20)*kB:all": {
          "value": "19, 24",
          "fp": "sha256:94eb0530a98af45bfd198e4fda97eecd20de9db344236ba391f59943ddf05a33"
        },
        "apps/docs/content/docs/concepts/principles.mdx#pattern:~(?:\\s|&nbsp;|%20)*(\\d+)(?:\\s|&nbsp;|%20)*kB:all": {
          "value": "19, 24",
          "fp": "sha256:94eb0530a98af45bfd198e4fda97eecd20de9db344236ba391f59943ddf05a33"
        },
        "apps/docs/app/(home)/components/metrics.tsx#pattern:~(?:\\s|&nbsp;|%20)*(\\d+)(?:\\s|&nbsp;|%20)*kB:all": {
          "value": "19, 24",
          "fp": "sha256:94eb0530a98af45bfd198e4fda97eecd20de9db344236ba391f59943ddf05a33"
        }
      },
      "accepted": null
    }
  }
}
